
Microsoft Visual Studio Solution File, Format Version 12.00
# Visual Studio 15
VisualStudioVersion = 15.0.27703.2035
MinimumVisualStudioVersion = 10.0.40219.1
Project("{FAE04EC0-301F-11D3-BF4B-00C04F79EFBC}") = "MobileAzureTesting.Android", "MobileAzureTesting\MobileAzureTesting.Android\MobileAzureTesting.Android.csproj", "{40530586-46FF-4325-90A3-97AB92159FFE}"
EndProject
Project("{FAE04EC0-301F-11D3-BF4B-00C04F79EFBC}") = "MobileAzureTesting.iOS", "MobileAzureTesting\MobileAzureTesting.iOS\MobileAzureTesting.iOS.csproj", "{19C93937-0460-461C-B5C3-ECDAD93B3B27}"
EndProject
Project("{FAE04EC0-301F-11D3-BF4B-00C04F79EFBC}") = "MobileAzureTesting.UWP", "MobileAzureTesting\MobileAzureTesting.UWP\MobileAzureTesting.UWP.csproj", "{5FAFA32C-46A2-40AD-8189-9859C023E6DC}"
EndProject
Project("{FAE04EC0-301F-11D3-BF4B-00C04F79EFBC}") = "MobileAzureTesting", "MobileAzureTesting\MobileAzureTesting\MobileAzureTesting.csproj", "{28EEC747-15D2-4EBE-8C89-E9B98295820F}"
EndProject
Global
	GlobalSection(SolutionConfigurationPlatforms) = preSolution
		Debug|Any CPU = Debug|Any CPU
		Debug|ARM = Debug|ARM
		Debug|iPhone = Debug|iPhone
		Debug|iPhoneSimulator = Debug|iPhoneSimulator
		Debug|x64 = Debug|x64
		Debug|x86 = Debug|x86
		Release|Any CPU = Release|Any CPU
		Release|ARM = Release|ARM
		Release|iPhone = Release|iPhone
		Release|iPhoneSimulator = Release|iPhoneSimulator
		Release|x64 = Release|x64
		Release|x86 = Release|x86
	EndGlobalSection
	GlobalSection(ProjectConfigurationPlatforms) = postSolution
		{40530586-46FF-4325-90A3-97AB92159FFE}.Debug|Any CPU.ActiveCfg = Debug|Any CPU
		{40530586-46FF-4325-90A3-97AB92159FFE}.Debug|Any CPU.Build.0 = Debug|Any CPU
		{40530586-46FF-4325-90A3-97AB92159FFE}.Debug|Any CPU.Deploy.0 = Debug|Any CPU
		{40530586-46FF-4325-90A3-97AB92159FFE}.Debug|ARM.ActiveCfg = Debug|Any CPU
		{40530586-46FF-4325-90A3-97AB92159FFE}.Debug|ARM.Build.0 = Debug|Any CPU
		{40530586-46FF-4325-90A3-97AB92159FFE}.Debug|ARM.Deploy.0 = Debug|Any CPU
		{40530586-46FF-4325-90A3-97AB92159FFE}.Debug|iPhone.ActiveCfg = Debug|Any CPU
		{40530586-46FF-4325-90A3-97AB92159FFE}.Debug|iPhone.Build.0 = Debug|Any CPU
		{40530586-46FF-4325-90A3-97AB92159FFE}.Debug|iPhone.Deploy.0 = Debug|Any CPU
		{40530586-46FF-4325-90A3-97AB92159FFE}.Debug|iPhoneSimulator.ActiveCfg = Debug|Any CPU
		{40530586-46FF-4325-90A3-97AB92159FFE}.Debug|iPhoneSimulator.Build.0 = Debug|Any CPU
		{40530586-46FF-4325-90A3-97AB92159FFE}.Debug|iPhoneSimulator.Deploy.0 = Debug|Any CPU
		{40530586-46FF-4325-90A3-97AB92159FFE}.Debug|x64.ActiveCfg = Debug|Any CPU
		{40530586-46FF-4325-90A3-97AB92159FFE}.Debug|x64.Build.0 = Debug|Any CPU
		{40530586-46FF-4325-90A3-97AB92159FFE}.Debug|x64.Deploy.0 = Debug|Any CPU
		{40530586-46FF-4325-90A3-97AB92159FFE}.Debug|x86.ActiveCfg = Debug|Any CPU
		{40530586-46FF-4325-90A3-97AB92159FFE}.Debug|x86.Build.0 = Debug|Any CPU
		{40530586-46FF-4325-90A3-97AB92159FFE}.Debug|x86.Deploy.0 = Debug|Any CPU
		{40530586-46FF-4325-90A3-97AB92159FFE}.Release|Any CPU.ActiveCfg = Release|Any CPU
		{40530586-46FF-4325-90A3-97AB92159FFE}.Release|Any CPU.Build.0 = Release|Any CPU
		{40530586-46FF-4325-90A3-97AB92159FFE}.Release|Any CPU.Deploy.0 = Release|Any CPU
		{40530586-46FF-4325-90A3-97AB92159FFE}.Release|ARM.ActiveCfg = Release|Any CPU
		{40530586-46FF-4325-90A3-97AB92159FFE}.Release|ARM.Build.0 = Release|Any CPU
		{40530586-46FF-4325-90A3-97AB92159FFE}.Release|ARM.Deploy.0 = Release|Any CPU
		{40530586-46FF-4325-90A3-97AB92159FFE}.Release|iPhone.ActiveCfg = Release|Any CPU
		{40530586-46FF-4325-90A3-97AB92159FFE}.Release|iPhone.Build.0 = Release|Any CPU
		{40530586-46FF-4325-90A3-97AB92159FFE}.Release|iPhone.Deploy.0 = Release|Any CPU
		{40530586-46FF-4325-90A3-97AB92159FFE}.Release|iPhoneSimulator.ActiveCfg = Release|Any CPU
		{40530586-46FF-4325-90A3-97AB92159FFE}.Release|iPhoneSimulator.Build.0 = Release|Any CPU
		{40530586-46FF-4325-90A3-97AB92159FFE}.Release|iPhoneSimulator.Deploy.0 = Release|Any CPU
		{40530586-46FF-4325-90A3-97AB92159FFE}.Release|x64.ActiveCfg = Release|Any CPU
		{40530586-46FF-4325-90A3-97AB92159FFE}.Release|x64.Build.0 = Release|Any CPU
		{40530586-46FF-4325-90A3-97AB92159FFE}.Release|x64.Deploy.0 = Release|Any CPU
		{40530586-46FF-4325-90A3-97AB92159FFE}.Release|x86.ActiveCfg = Release|Any CPU
		{40530586-46FF-4325-90A3-97AB92159FFE}.Release|x86.Build.0 = Release|Any CPU
		{40530586-46FF-4325-90A3-97AB92159FFE}.Release|x86.Deploy.0 = Release|Any CPU
		{19C93937-0460-461C-B5C3-ECDAD93B3B27}.Debug|Any CPU.ActiveCfg = Debug|iPhoneSimulator
		{19C93937-0460-461C-B5C3-ECDAD93B3B27}.Debug|Any CPU.Build.0 = Debug|iPhoneSimulator
		{19C93937-0460-461C-B5C3-ECDAD93B3B27}.Debug|Any CPU.Deploy.0 = Debug|iPhoneSimulator
		{19C93937-0460-461C-B5C3-ECDAD93B3B27}.Debug|ARM.ActiveCfg = Debug|iPhone
		{19C93937-0460-461C-B5C3-ECDAD93B3B27}.Debug|ARM.Build.0 = Debug|iPhone
		{19C93937-0460-461C-B5C3-ECDAD93B3B27}.Debug|ARM.Deploy.0 = Debug|iPhone
		{19C93937-0460-461C-B5C3-ECDAD93B3B27}.Debug|iPhone.ActiveCfg = Debug|iPhone
		{19C93937-0460-461C-B5C3-ECDAD93B3B27}.Debug|iPhone.Build.0 = Debug|iPhone
		{19C93937-0460-461C-B5C3-ECDAD93B3B27}.Debug|iPhone.Deploy.0 = Debug|iPhone
		{19C93937-0460-461C-B5C3-ECDAD93B3B27}.Debug|iPhoneSimulator.ActiveCfg = Debug|iPhoneSimulator
		{19C93937-0460-461C-B5C3-ECDAD93B3B27}.Debug|iPhoneSimulator.Build.0 = Debug|iPhoneSimulator
		{19C93937-0460-461C-B5C3-ECDAD93B3B27}.Debug|iPhoneSimulator.Deploy.0 = Debug|iPhoneSimulator
		{19C93937-0460-461C-B5C3-ECDAD93B3B27}.Debug|x64.ActiveCfg = Debug|iPhone
		{19C93937-0460-461C-B5C3-ECDAD93B3B27}.Debug|x64.Build.0 = Debug|iPhone
		{19C93937-0460-461C-B5C3-ECDAD93B3B27}.Debug|x64.Deploy.0 = Debug|iPhone
		{19C93937-0460-461C-B5C3-ECDAD93B3B27}.Debug|x86.ActiveCfg = Debug|iPhone
		{19C93937-0460-461C-B5C3-ECDAD93B3B27}.Debug|x86.Build.0 = Debug|iPhone
		{19C93937-0460-461C-B5C3-ECDAD93B3B27}.Debug|x86.Deploy.0 = Debug|iPhone
		{19C93937-0460-461C-B5C3-ECDAD93B3B27}.Release|Any CPU.ActiveCfg = Release|iPhone
		{19C93937-0460-461C-B5C3-ECDAD93B3B27}.Release|Any CPU.Build.0 = Release|iPhone
		{19C93937-0460-461C-B5C3-ECDAD93B3B27}.Release|Any CPU.Deploy.0 = Release|iPhone
		{19C93937-0460-461C-B5C3-ECDAD93B3B27}.Release|ARM.ActiveCfg = Release|iPhone
		{19C93937-0460-461C-B5C3-ECDAD93B3B27}.Release|ARM.Build.0 = Release|iPhone
		{19C93937-0460-461C-B5C3-ECDAD93B3B27}.Release|ARM.Deploy.0 = Release|iPhone
		{19C93937-0460-461C-B5C3-ECDAD93B3B27}.Release|iPhone.ActiveCfg = Release|iPhone
		{19C93937-0460-461C-B5C3-ECDAD93B3B27}.Release|iPhone.Build.0 = Release|iPhone
		{19C93937-0460-461C-B5C3-ECDAD93B3B27}.Release|iPhone.Deploy.0 = Release|iPhone
		{19C93937-0460-461C-B5C3-ECDAD93B3B27}.Release|iPhoneSimulator.ActiveCfg = Release|iPhoneSimulator
		{19C93937-0460-461C-B5C3-ECDAD93B3B27}.Release|iPhoneSimulator.Build.0 = Release|iPhoneSimulator
		{19C93937-0460-461C-B5C3-ECDAD93B3B27}.Release|iPhoneSimulator.Deploy.0 = Release|iPhoneSimulator
		{19C93937-0460-461C-B5C3-ECDAD93B3B27}.Release|x64.ActiveCfg = Release|iPhone
		{19C93937-0460-461C-B5C3-ECDAD93B3B27}.Release|x64.Build.0 = Release|iPhone
		{19C93937-0460-461C-B5C3-ECDAD93B3B27}.Release|x64.Deploy.0 = Release|iPhone
		{19C93937-0460-461C-B5C3-ECDAD93B3B27}.Release|x86.ActiveCfg = Release|iPhone
		{19C93937-0460-461C-B5C3-ECDAD93B3B27}.Release|x86.Build.0 = Release|iPhone
		{19C93937-0460-461C-B5C3-ECDAD93B3B27}.Release|x86.Deploy.0 = Release|iPhone
		{5FAFA32C-46A2-40AD-8189-9859C023E6DC}.Debug|Any CPU.ActiveCfg = Debug|x86
		{5FAFA32C-46A2-40AD-8189-9859C023E6DC}.Debug|Any CPU.Build.0 = Debug|x86
		{5FAFA32C-46A2-40AD-8189-9859C023E6DC}.Debug|Any CPU.Deploy.0 = Debug|x86
		{5FAFA32C-46A2-40AD-8189-9859C023E6DC}.Debug|ARM.ActiveCfg = Debug|ARM
		{5FAFA32C-46A2-40AD-8189-9859C023E6DC}.Debug|ARM.Build.0 = Debug|ARM
		{5FAFA32C-46A2-40AD-8189-9859C023E6DC}.Debug|ARM.Deploy.0 = Debug|ARM
		{5FAFA32C-46A2-40AD-8189-9859C023E6DC}.Debug|iPhone.ActiveCfg = Debug|x86
		{5FAFA32C-46A2-40AD-8189-9859C023E6DC}.Debug|iPhone.Build.0 = Debug|x86
		{5FAFA32C-46A2-40AD-8189-9859C023E6DC}.Debug|iPhone.Deploy.0 = Debug|x86
		{5FAFA32C-46A2-40AD-8189-9859C023E6DC}.Debug|iPhoneSimulator.ActiveCfg = Debug|x86
		{5FAFA32C-46A2-40AD-8189-9859C023E6DC}.Debug|iPhoneSimulator.Build.0 = Debug|x86
		{5FAFA32C-46A2-40AD-8189-9859C023E6DC}.Debug|iPhoneSimulator.Deploy.0 = Debug|x86
		{5FAFA32C-46A2-40AD-8189-9859C023E6DC}.Debug|x64.ActiveCfg = Debug|x64
		{5FAFA32C-46A2-40AD-8189-9859C023E6DC}.Debug|x64.Build.0 = Debug|x64
		{5FAFA32C-46A2-40AD-8189-9859C023E6DC}.Debug|x64.Deploy.0 = Debug|x64
		{5FAFA32C-46A2-40AD-8189-9859C023E6DC}.Debug|x86.ActiveCfg = Debug|x86
		{5FAFA32C-46A2-40AD-8189-9859C023E6DC}.Debug|x86.Build.0 = Debug|x86
		{5FAFA32C-46A2-40AD-8189-9859C023E6DC}.Debug|x86.Deploy.0 = Debug|x86
		{5FAFA32C-46A2-40AD-8189-9859C023E6DC}.Release|Any CPU.ActiveCfg = Release|x86
		{5FAFA32C-46A2-40AD-8189-9859C023E6DC}.Release|Any CPU.Build.0 = Release|x86
		{5FAFA32C-46A2-40AD-8189-9859C023E6DC}.Release|Any CPU.Deploy.0 = Release|x86
		{5FAFA32C-46A2-40AD-8189-9859C023E6DC}.Release|ARM.ActiveCfg = Release|ARM
		{5FAFA32C-46A2-40AD-8189-9859C023E6DC}.Release|ARM.Build.0 = Release|ARM
		{5FAFA32C-46A2-40AD-8189-9859C023E6DC}.Release|ARM.Deploy.0 = Release|ARM
		{5FAFA32C-46A2-40AD-8189-9859C023E6DC}.Release|iPhone.ActiveCfg = Release|x86
		{5FAFA32C-46A2-40AD-8189-9859C023E6DC}.Release|iPhone.Build.0 = Release|x86
		{5FAFA32C-46A2-40AD-8189-9859C023E6DC}.Release|iPhone.Deploy.0 = Release|x86
		{5FAFA32C-46A2-40AD-8189-9859C023E6DC}.Release|iPhoneSimulator.ActiveCfg = Release|x86
		{5FAFA32C-46A2-40AD-8189-9859C023E6DC}.Release|iPhoneSimulator.Build.0 = Release|x86
		{5FAFA32C-46A2-40AD-8189-9859C023E6DC}.Release|iPhoneSimulator.Deploy.0 = Release|x86
		{5FAFA32C-46A2-40AD-8189-9859C023E6DC}.Release|x64.ActiveCfg = Release|x64
		{5FAFA32C-46A2-40AD-8189-9859C023E6DC}.Release|x64.Build.0 = Release|x64
		{5FAFA32C-46A2-40AD-8189-9859C023E6DC}.Release|x64.Deploy.0 = Release|x64
		{5FAFA32C-46A2-40AD-8189-9859C023E6DC}.Release|x86.ActiveCfg = Release|x86
		{5FAFA32C-46A2-40AD-8189-9859C023E6DC}.Release|x86.Build.0 = Release|x86
		{5FAFA32C-46A2-40AD-8189-9859C023E6DC}.Release|x86.Deploy.0 = Release|x86
		{28EEC747-15D2-4EBE-8C89-E9B98295820F}.Debug|Any CPU.ActiveCfg = Debug|Any CPU
		{28EEC747-15D2-4EBE-8C89-E9B98295820F}.Debug|Any CPU.Build.0 = Debug|Any CPU
		{28EEC747-15D2-4EBE-8C89-E9B98295820F}.Debug|Any CPU.Deploy.0 = Debug|Any CPU
		{28EEC747-15D2-4EBE-8C89-E9B98295820F}.Debug|ARM.ActiveCfg = Debug|Any CPU
		{28EEC747-15D2-4EBE-8C89-E9B98295820F}.Debug|ARM.Build.0 = Debug|Any CPU
		{28EEC747-15D2-4EBE-8C89-E9B98295820F}.Debug|ARM.Deploy.0 = Debug|Any CPU
		{28EEC747-15D2-4EBE-8C89-E9B98295820F}.Debug|iPhone.ActiveCfg = Debug|Any CPU
		{28EEC747-15D2-4EBE-8C89-E9B98295820F}.Debug|iPhone.Build.0 = Debug|Any CPU
		{28EEC747-15D2-4EBE-8C89-E9B98295820F}.Debug|iPhone.Deploy.0 = Debug|Any CPU
		{28EEC747-15D2-4EBE-8C89-E9B98295820F}.Debug|iPhoneSimulator.ActiveCfg = Debug|Any CPU
		{28EEC747-15D2-4EBE-8C89-E9B98295820F}.Debug|iPhoneSimulator.Build.0 = Debug|Any CPU
		{28EEC747-15D2-4EBE-8C89-E9B98295820F}.Debug|iPhoneSimulator.Deploy.0 = Debug|Any CPU
		{28EEC747-15D2-4EBE-8C89-E9B98295820F}.Debug|x64.ActiveCfg = Debug|Any CPU
		{28EEC747-15D2-4EBE-8C89-E9B98295820F}.Debug|x64.Build.0 = Debug|Any CPU
		{28EEC747-15D2-4EBE-8C89-E9B98295820F}.Debug|x64.Deploy.0 = Debug|Any CPU
		{28EEC747-15D2-4EBE-8C89-E9B98295820F}.Debug|x86.ActiveCfg = Debug|Any CPU
		{28EEC747-15D2-4EBE-8C89-E9B98295820F}.Debug|x86.Build.0 = Debug|Any CPU
		{28EEC747-15D2-4EBE-8C89-E9B98295820F}.Debug|x86.Deploy.0 = Debug|Any CPU
		{28EEC747-15D2-4EBE-8C89-E9B98295820F}.Release|Any CPU.ActiveCfg = Release|Any CPU
		{28EEC747-15D2-4EBE-8C89-E9B98295820F}.Release|Any CPU.Build.0 = Release|Any CPU
		{28EEC747-15D2-4EBE-8C89-E9B98295820F}.Release|Any CPU.Deploy.0 = Release|Any CPU
		{28EEC747-15D2-4EBE-8C89-E9B98295820F}.Release|ARM.ActiveCfg = Release|Any CPU
		{28EEC747-15D2-4EBE-8C89-E9B98295820F}.Release|ARM.Build.0 = Release|Any CPU
		{28EEC747-15D2-4EBE-8C89-E9B98295820F}.Release|ARM.Deploy.0 = Release|Any CPU
		{28EEC747-15D2-4EBE-8C89-E9B98295820F}.Release|iPhone.ActiveCfg = Release|Any CPU
		{28EEC747-15D2-4EBE-8C89-E9B98295820F}.Release|iPhone.Build.0 = Release|Any CPU
		{28EEC747-15D2-4EBE-8C89-E9B98295820F}.Release|iPhone.Deploy.0 = Release|Any CPU
		{28EEC747-15D2-4EBE-8C89-E9B98295820F}.Release|iPhoneSimulator.ActiveCfg = Release|Any CPU
		{28EEC747-15D2-4EBE-8C89-E9B98295820F}.Release|iPhoneSimulator.Build.0 = Release|Any CPU
		{28EEC747-15D2-4EBE-8C89-E9B98295820F}.Release|iPhoneSimulator.Deploy.0 = Release|Any CPU
		{28EEC747-15D2-4EBE-8C89-E9B98295820F}.Release|x64.ActiveCfg = Release|Any CPU
		{28EEC747-15D2-4EBE-8C89-E9B98295820F}.Release|x64.Build.0 = Release|Any CPU
		{28EEC747-15D2-4EBE-8C89-E9B98295820F}.Release|x64.Deploy.0 = Release|Any CPU
		{28EEC747-15D2-4EBE-8C89-E9B98295820F}.Release|x86.ActiveCfg = Release|Any CPU
		{28EEC747-15D2-4EBE-8C89-E9B98295820F}.Release|x86.Build.0 = Release|Any CPU
		{28EEC747-15D2-4EBE-8C89-E9B98295820F}.Release|x86.Deploy.0 = Release|Any CPU
	EndGlobalSection
	GlobalSection(SolutionProperties) = preSolution
		HideSolutionNode = FALSE
	EndGlobalSection
	GlobalSection(ExtensibilityGlobals) = postSolution
		SolutionGuid = {51B27337-7FA8-47B6-93B4-48374BA05B71}
	EndGlobalSection
EndGlobal
